
Microsoft Visual Studio Solution File, Format Version 12.00
# Visual Studio Version 16
VisualStudioVersion = 16.0.29911.84
MinimumVisualStudioVersion = 10.0.40219.1
Project("{9A19103F-16F7-4668-BE54-9A1E7A4F7556}") = "GismeteoMobileApp.Core", "src\GismeteoMobileApp.Core\GismeteoMobileApp.Core.csproj", "{AED249CC-C8C1-496F-A249-35278645E00B}"
EndProject
Project("{9A19103F-16F7-4668-BE54-9A1E7A4F7556}") = "GismeteoMobileApp.UI", "src\GismeteoMobileApp.UI\GismeteoMobileApp.UI.csproj", "{6C817AA7-B2C1-40D6-871A-FEF5599991DC}"
EndProject
Project("{FAE04EC0-301F-11D3-BF4B-00C04F79EFBC}") = "GismeteoMobileApp.Droid", "src\GismeteoMobileApp.Droid\GismeteoMobileApp.Droid.csproj", "{432F8188-1691-4604-9505-5CC2F3A39CB7}"
EndProject
Project("{FAE04EC0-301F-11D3-BF4B-00C04F79EFBC}") = "GismeteoMobileApp.iOS", "src\GismeteoMobileApp.iOS\GismeteoMobileApp.iOS.csproj", "{87795C65-294C-4600-AAB3-D133F7543B1B}"
EndProject
Project("{2150E333-8FDC-42A3-9474-1A3956D46DE8}") = "!Solution Items", "!Solution Items", "{7A050562-6ECA-4AA9-9BCD-C27B2FDDB931}"
	ProjectSection(SolutionItems) = preProject
		.editorconfig = .editorconfig
	EndProjectSection
EndProject
Project("{FAE04EC0-301F-11D3-BF4B-00C04F79EFBC}") = "DAL", "DAL\DAL.csproj", "{2F4898CF-C85E-4F09-960B-363B046C4084}"
EndProject
Global
	GlobalSection(SolutionConfigurationPlatforms) = preSolution
		Debug|Any CPU = Debug|Any CPU
		Debug|ARM = Debug|ARM
		Debug|iPhone = Debug|iPhone
		Debug|iPhoneSimulator = Debug|iPhoneSimulator
		Debug|x64 = Debug|x64
		Debug|x86 = Debug|x86
		Release|Any CPU = Release|Any CPU
		Release|ARM = Release|ARM
		Release|iPhone = Release|iPhone
		Release|iPhoneSimulator = Release|iPhoneSimulator
		Release|x64 = Release|x64
		Release|x86 = Release|x86
	EndGlobalSection
	GlobalSection(ProjectConfigurationPlatforms) = postSolution
		{AED249CC-C8C1-496F-A249-35278645E00B}.Debug|Any CPU.ActiveCfg = Debug|Any CPU
		{AED249CC-C8C1-496F-A249-35278645E00B}.Debug|Any CPU.Build.0 = Debug|Any CPU
		{AED249CC-C8C1-496F-A249-35278645E00B}.Debug|ARM.ActiveCfg = Debug|Any CPU
		{AED249CC-C8C1-496F-A249-35278645E00B}.Debug|ARM.Build.0 = Debug|Any CPU
		{AED249CC-C8C1-496F-A249-35278645E00B}.Debug|iPhone.ActiveCfg = Debug|Any CPU
		{AED249CC-C8C1-496F-A249-35278645E00B}.Debug|iPhone.Build.0 = Debug|Any CPU
		{AED249CC-C8C1-496F-A249-35278645E00B}.Debug|iPhoneSimulator.ActiveCfg = Debug|Any CPU
		{AED249CC-C8C1-496F-A249-35278645E00B}.Debug|iPhoneSimulator.Build.0 = Debug|Any CPU
		{AED249CC-C8C1-496F-A249-35278645E00B}.Debug|x64.ActiveCfg = Debug|Any CPU
		{AED249CC-C8C1-496F-A249-35278645E00B}.Debug|x64.Build.0 = Debug|Any CPU
		{AED249CC-C8C1-496F-A249-35278645E00B}.Debug|x86.ActiveCfg = Debug|Any CPU
		{AED249CC-C8C1-496F-A249-35278645E00B}.Debug|x86.Build.0 = Debug|Any CPU
		{AED249CC-C8C1-496F-A249-35278645E00B}.Release|Any CPU.ActiveCfg = Release|Any CPU
		{AED249CC-C8C1-496F-A249-35278645E00B}.Release|Any CPU.Build.0 = Release|Any CPU
		{AED249CC-C8C1-496F-A249-35278645E00B}.Release|ARM.ActiveCfg = Release|Any CPU
		{AED249CC-C8C1-496F-A249-35278645E00B}.Release|ARM.Build.0 = Release|Any CPU
		{AED249CC-C8C1-496F-A249-35278645E00B}.Release|iPhone.ActiveCfg = Release|Any CPU
		{AED249CC-C8C1-496F-A249-35278645E00B}.Release|iPhone.Build.0 = Release|Any CPU
		{AED249CC-C8C1-496F-A249-35278645E00B}.Release|iPhoneSimulator.ActiveCfg = Release|Any CPU
		{AED249CC-C8C1-496F-A249-35278645E00B}.Release|iPhoneSimulator.Build.0 = Release|Any CPU
		{AED249CC-C8C1-496F-A249-35278645E00B}.Release|x64.ActiveCfg = Release|Any CPU
		{AED249CC-C8C1-496F-A249-35278645E00B}.Release|x64.Build.0 = Release|Any CPU
		{AED249CC-C8C1-496F-A249-35278645E00B}.Release|x86.ActiveCfg = Release|Any CPU
		{AED249CC-C8C1-496F-A249-35278645E00B}.Release|x86.Build.0 = Release|Any CPU
		{6C817AA7-B2C1-40D6-871A-FEF5599991DC}.Debug|Any CPU.ActiveCfg = Debug|Any CPU
		{6C817AA7-B2C1-40D6-871A-FEF5599991DC}.Debug|Any CPU.Build.0 = Debug|Any CPU
		{6C817AA7-B2C1-40D6-871A-FEF5599991DC}.Debug|ARM.ActiveCfg = Debug|Any CPU
		{6C817AA7-B2C1-40D6-871A-FEF5599991DC}.Debug|ARM.Build.0 = Debug|Any CPU
		{6C817AA7-B2C1-40D6-871A-FEF5599991DC}.Debug|iPhone.ActiveCfg = Debug|Any CPU
		{6C817AA7-B2C1-40D6-871A-FEF5599991DC}.Debug|iPhone.Build.0 = Debug|Any CPU
		{6C817AA7-B2C1-40D6-871A-FEF5599991DC}.Debug|iPhoneSimulator.ActiveCfg = Debug|Any CPU
		{6C817AA7-B2C1-40D6-871A-FEF5599991DC}.Debug|iPhoneSimulator.Build.0 = Debug|Any CPU
		{6C817AA7-B2C1-40D6-871A-FEF5599991DC}.Debug|x64.ActiveCfg = Debug|Any CPU
		{6C817AA7-B2C1-40D6-871A-FEF5599991DC}.Debug|x64.Build.0 = Debug|Any CPU
		{6C817AA7-B2C1-40D6-871A-FEF5599991DC}.Debug|x86.ActiveCfg = Debug|Any CPU
		{6C817AA7-B2C1-40D6-871A-FEF5599991DC}.Debug|x86.Build.0 = Debug|Any CPU
		{6C817AA7-B2C1-40D6-871A-FEF5599991DC}.Release|Any CPU.ActiveCfg = Release|Any CPU
		{6C817AA7-B2C1-40D6-871A-FEF5599991DC}.Release|Any CPU.Build.0 = Release|Any CPU
		{6C817AA7-B2C1-40D6-871A-FEF5599991DC}.Release|ARM.ActiveCfg = Release|Any CPU
		{6C817AA7-B2C1-40D6-871A-FEF5599991DC}.Release|ARM.Build.0 = Release|Any CPU
		{6C817AA7-B2C1-40D6-871A-FEF5599991DC}.Release|iPhone.ActiveCfg = Release|Any CPU
		{6C817AA7-B2C1-40D6-871A-FEF5599991DC}.Release|iPhone.Build.0 = Release|Any CPU
		{6C817AA7-B2C1-40D6-871A-FEF5599991DC}.Release|iPhoneSimulator.ActiveCfg = Release|Any CPU
		{6C817AA7-B2C1-40D6-871A-FEF5599991DC}.Release|iPhoneSimulator.Build.0 = Release|Any CPU
		{6C817AA7-B2C1-40D6-871A-FEF5599991DC}.Release|x64.ActiveCfg = Release|Any CPU
		{6C817AA7-B2C1-40D6-871A-FEF5599991DC}.Release|x64.Build.0 = Release|Any CPU
		{6C817AA7-B2C1-40D6-871A-FEF5599991DC}.Release|x86.ActiveCfg = Release|Any CPU
		{6C817AA7-B2C1-40D6-871A-FEF5599991DC}.Release|x86.Build.0 = Release|Any CPU
		{432F8188-1691-4604-9505-5CC2F3A39CB7}.Debug|Any CPU.ActiveCfg = Debug|Any CPU
		{432F8188-1691-4604-9505-5CC2F3A39CB7}.Debug|Any CPU.Build.0 = Debug|Any CPU
		{432F8188-1691-4604-9505-5CC2F3A39CB7}.Debug|Any CPU.Deploy.0 = Debug|Any CPU
		{432F8188-1691-4604-9505-5CC2F3A39CB7}.Debug|ARM.ActiveCfg = Debug|Any CPU
		{432F8188-1691-4604-9505-5CC2F3A39CB7}.Debug|ARM.Build.0 = Debug|Any CPU
		{432F8188-1691-4604-9505-5CC2F3A39CB7}.Debug|ARM.Deploy.0 = Debug|Any CPU
		{432F8188-1691-4604-9505-5CC2F3A39CB7}.Debug|iPhone.ActiveCfg = Debug|Any CPU
		{432F8188-1691-4604-9505-5CC2F3A39CB7}.Debug|iPhone.Build.0 = Debug|Any CPU
		{432F8188-1691-4604-9505-5CC2F3A39CB7}.Debug|iPhone.Deploy.0 = Debug|Any CPU
		{432F8188-1691-4604-9505-5CC2F3A39CB7}.Debug|iPhoneSimulator.ActiveCfg = Debug|Any CPU
		{432F8188-1691-4604-9505-5CC2F3A39CB7}.Debug|iPhoneSimulator.Build.0 = Debug|Any CPU
		{432F8188-1691-4604-9505-5CC2F3A39CB7}.Debug|iPhoneSimulator.Deploy.0 = Debug|Any CPU
		{432F8188-1691-4604-9505-5CC2F3A39CB7}.Debug|x64.ActiveCfg = Debug|Any CPU
		{432F8188-1691-4604-9505-5CC2F3A39CB7}.Debug|x64.Build.0 = Debug|Any CPU
		{432F8188-1691-4604-9505-5CC2F3A39CB7}.Debug|x64.Deploy.0 = Debug|Any CPU
		{432F8188-1691-4604-9505-5CC2F3A39CB7}.Debug|x86.ActiveCfg = Debug|Any CPU
		{432F8188-1691-4604-9505-5CC2F3A39CB7}.Debug|x86.Build.0 = Debug|Any CPU
		{432F8188-1691-4604-9505-5CC2F3A39CB7}.Debug|x86.Deploy.0 = Debug|Any CPU
		{432F8188-1691-4604-9505-5CC2F3A39CB7}.Release|Any CPU.ActiveCfg = Release|Any CPU
		{432F8188-1691-4604-9505-5CC2F3A39CB7}.Release|Any CPU.Build.0 = Release|Any CPU
		{432F8188-1691-4604-9505-5CC2F3A39CB7}.Release|Any CPU.Deploy.0 = Release|Any CPU
		{432F8188-1691-4604-9505-5CC2F3A39CB7}.Release|ARM.ActiveCfg = Release|Any CPU
		{432F8188-1691-4604-9505-5CC2F3A39CB7}.Release|ARM.Build.0 = Release|Any CPU
		{432F8188-1691-4604-9505-5CC2F3A39CB7}.Release|ARM.Deploy.0 = Release|Any CPU
		{432F8188-1691-4604-9505-5CC2F3A39CB7}.Release|iPhone.ActiveCfg = Release|Any CPU
		{432F8188-1691-4604-9505-5CC2F3A39CB7}.Release|iPhone.Build.0 = Release|Any CPU
		{432F8188-1691-4604-9505-5CC2F3A39CB7}.Release|iPhone.Deploy.0 = Release|Any CPU
		{432F8188-1691-4604-9505-5CC2F3A39CB7}.Release|iPhoneSimulator.ActiveCfg = Release|Any CPU
		{432F8188-1691-4604-9505-5CC2F3A39CB7}.Release|iPhoneSimulator.Build.0 = Release|Any CPU
		{432F8188-1691-4604-9505-5CC2F3A39CB7}.Release|iPhoneSimulator.Deploy.0 = Release|Any CPU
		{432F8188-1691-4604-9505-5CC2F3A39CB7}.Release|x64.ActiveCfg = Release|Any CPU
		{432F8188-1691-4604-9505-5CC2F3A39CB7}.Release|x64.Build.0 = Release|Any CPU
		{432F8188-1691-4604-9505-5CC2F3A39CB7}.Release|x64.Deploy.0 = Release|Any CPU
		{432F8188-1691-4604-9505-5CC2F3A39CB7}.Release|x86.ActiveCfg = Release|Any CPU
		{432F8188-1691-4604-9505-5CC2F3A39CB7}.Release|x86.Build.0 = Release|Any CPU
		{432F8188-1691-4604-9505-5CC2F3A39CB7}.Release|x86.Deploy.0 = Release|Any CPU
		{87795C65-294C-4600-AAB3-D133F7543B1B}.Debug|Any CPU.ActiveCfg = Debug|iPhone
		{87795C65-294C-4600-AAB3-D133F7543B1B}.Debug|Any CPU.Build.0 = Debug|iPhone
		{87795C65-294C-4600-AAB3-D133F7543B1B}.Debug|ARM.ActiveCfg = Debug|iPhone
		{87795C65-294C-4600-AAB3-D133F7543B1B}.Debug|iPhone.ActiveCfg = Debug|iPhone
		{87795C65-294C-4600-AAB3-D133F7543B1B}.Debug|iPhone.Build.0 = Debug|iPhone
		{87795C65-294C-4600-AAB3-D133F7543B1B}.Debug|iPhone.Deploy.0 = Debug|iPhone
		{87795C65-294C-4600-AAB3-D133F7543B1B}.Debug|iPhoneSimulator.ActiveCfg = Debug|iPhoneSimulator
		{87795C65-294C-4600-AAB3-D133F7543B1B}.Debug|iPhoneSimulator.Build.0 = Debug|iPhoneSimulator
		{87795C65-294C-4600-AAB3-D133F7543B1B}.Debug|iPhoneSimulator.Deploy.0 = Debug|iPhoneSimulator
		{87795C65-294C-4600-AAB3-D133F7543B1B}.Debug|x64.ActiveCfg = Debug|iPhone
		{87795C65-294C-4600-AAB3-D133F7543B1B}.Debug|x86.ActiveCfg = Debug|iPhone
		{87795C65-294C-4600-AAB3-D133F7543B1B}.Release|Any CPU.ActiveCfg = Release|iPhone
		{87795C65-294C-4600-AAB3-D133F7543B1B}.Release|ARM.ActiveCfg = Release|iPhone
		{87795C65-294C-4600-AAB3-D133F7543B1B}.Release|iPhone.ActiveCfg = Release|iPhone
		{87795C65-294C-4600-AAB3-D133F7543B1B}.Release|iPhone.Build.0 = Release|iPhone
		{87795C65-294C-4600-AAB3-D133F7543B1B}.Release|iPhone.Deploy.0 = Release|iPhone
		{87795C65-294C-4600-AAB3-D133F7543B1B}.Release|iPhoneSimulator.ActiveCfg = Release|iPhoneSimulator
		{87795C65-294C-4600-AAB3-D133F7543B1B}.Release|iPhoneSimulator.Build.0 = Release|iPhoneSimulator
		{87795C65-294C-4600-AAB3-D133F7543B1B}.Release|iPhoneSimulator.Deploy.0 = Release|iPhoneSimulator
		{87795C65-294C-4600-AAB3-D133F7543B1B}.Release|x64.ActiveCfg = Release|iPhone
		{87795C65-294C-4600-AAB3-D133F7543B1B}.Release|x86.ActiveCfg = Release|iPhone
		{2F4898CF-C85E-4F09-960B-363B046C4084}.Debug|Any CPU.ActiveCfg = Debug|Any CPU
		{2F4898CF-C85E-4F09-960B-363B046C4084}.Debug|Any CPU.Build.0 = Debug|Any CPU
		{2F4898CF-C85E-4F09-960B-363B046C4084}.Debug|ARM.ActiveCfg = Debug|Any CPU
		{2F4898CF-C85E-4F09-960B-363B046C4084}.Debug|ARM.Build.0 = Debug|Any CPU
		{2F4898CF-C85E-4F09-960B-363B046C4084}.Debug|iPhone.ActiveCfg = Debug|Any CPU
		{2F4898CF-C85E-4F09-960B-363B046C4084}.Debug|iPhone.Build.0 = Debug|Any CPU
		{2F4898CF-C85E-4F09-960B-363B046C4084}.Debug|iPhoneSimulator.ActiveCfg = Debug|Any CPU
		{2F4898CF-C85E-4F09-960B-363B046C4084}.Debug|iPhoneSimulator.Build.0 = Debug|Any CPU
		{2F4898CF-C85E-4F09-960B-363B046C4084}.Debug|x64.ActiveCfg = Debug|Any CPU
		{2F4898CF-C85E-4F09-960B-363B046C4084}.Debug|x64.Build.0 = Debug|Any CPU
		{2F4898CF-C85E-4F09-960B-363B046C4084}.Debug|x86.ActiveCfg = Debug|Any CPU
		{2F4898CF-C85E-4F09-960B-363B046C4084}.Debug|x86.Build.0 = Debug|Any CPU
		{2F4898CF-C85E-4F09-960B-363B046C4084}.Release|Any CPU.ActiveCfg = Release|Any CPU
		{2F4898CF-C85E-4F09-960B-363B046C4084}.Release|Any CPU.Build.0 = Release|Any CPU
		{2F4898CF-C85E-4F09-960B-363B046C4084}.Release|ARM.ActiveCfg = Release|Any CPU
		{2F4898CF-C85E-4F09-960B-363B046C4084}.Release|ARM.Build.0 = Release|Any CPU
		{2F4898CF-C85E-4F09-960B-363B046C4084}.Release|iPhone.ActiveCfg = Release|Any CPU
		{2F4898CF-C85E-4F09-960B-363B046C4084}.Release|iPhone.Build.0 = Release|Any CPU
		{2F4898CF-C85E-4F09-960B-363B046C4084}.Release|iPhoneSimulator.ActiveCfg = Release|Any CPU
		{2F4898CF-C85E-4F09-960B-363B046C4084}.Release|iPhoneSimulator.Build.0 = Release|Any CPU
		{2F4898CF-C85E-4F09-960B-363B046C4084}.Release|x64.ActiveCfg = Release|Any CPU
		{2F4898CF-C85E-4F09-960B-363B046C4084}.Release|x64.Build.0 = Release|Any CPU
		{2F4898CF-C85E-4F09-960B-363B046C4084}.Release|x86.ActiveCfg = Release|Any CPU
		{2F4898CF-C85E-4F09-960B-363B046C4084}.Release|x86.Build.0 = Release|Any CPU
	EndGlobalSection
	GlobalSection(SolutionProperties) = preSolution
		HideSolutionNode = FALSE
	EndGlobalSection
	GlobalSection(ExtensibilityGlobals) = postSolution
		SolutionGuid = {176FFE18-FE15-4FB7-B1E8-D2FC83E06AA2}
	EndGlobalSection
EndGlobal
